
Microsoft Visual Studio Solution File, Format Version 12.00
# Visual Studio Version 17
VisualStudioVersion = 17.8.34511.84
MinimumVisualStudioVersion = 10.0.40219.1
Project("{FAE04EC0-301F-11D3-BF4B-00C04F79EFBC}") = "CalculatorApp1", "CalculatorApp1\CalculatorApp1.csproj", "{F3756C57-5EEF-477A-80B3-EA5F9820912D}"
EndProject
Global
	GlobalSection(SolutionConfigurationPlatforms) = preSolution
		Debug|Any CPU = Debug|Any CPU
		Release|Any CPU = Release|Any CPU
	EndGlobalSection
	GlobalSection(ProjectConfigurationPlatforms) = postSolution
		{F3756C57-5EEF-477A-80B3-EA5F9820912D}.Debug|Any CPU.ActiveCfg = Debug|Any CPU
		{F3756C57-5EEF-477A-80B3-EA5F9820912D}.Debug|Any CPU.Build.0 = Debug|Any CPU
		{F3756C57-5EEF-477A-80B3-EA5F9820912D}.Release|Any CPU.ActiveCfg = Release|Any CPU
		{F3756C57-5EEF-477A-80B3-EA5F9820912D}.Release|Any CPU.Build.0 = Release|Any CPU
	EndGlobalSection
	GlobalSection(SolutionProperties) = preSolution
		HideSolutionNode = FALSE
	EndGlobalSection
	GlobalSection(ExtensibilityGlobals) = postSolution
		SolutionGuid = {44587BB2-01DA-4BF9-B89C-8E11A3A8C9ED}
	EndGlobalSection
EndGlobal
